
Microsoft Visual Studio Solution File, Format Version 12.00
# Visual Studio Version 17
VisualStudioVersion = 17.6.33815.320
MinimumVisualStudioVersion = 10.0.40219.1
Project("{FAE04EC0-301F-11D3-BF4B-00C04F79EFBC}") = "SendEmail", "SendEmail\SendEmail.csproj", "{B335CC9C-C318-4BB0-AFC4-9103F052C8EC}"
EndProject
Global
	GlobalSection(SolutionConfigurationPlatforms) = preSolution
		Debug|Any CPU = Debug|Any CPU
		Release|Any CPU = Release|Any CPU
	EndGlobalSection
	GlobalSection(ProjectConfigurationPlatforms) = postSolution
		{B335CC9C-C318-4BB0-AFC4-9103F052C8EC}.Debug|Any CPU.ActiveCfg = Debug|Any CPU
		{B335CC9C-C318-4BB0-AFC4-9103F052C8EC}.Debug|Any CPU.Build.0 = Debug|Any CPU
		{B335CC9C-C318-4BB0-AFC4-9103F052C8EC}.Release|Any CPU.ActiveCfg = Release|Any CPU
		{B335CC9C-C318-4BB0-AFC4-9103F052C8EC}.Release|Any CPU.Build.0 = Release|Any CPU
	EndGlobalSection
	GlobalSection(SolutionProperties) = preSolution
		HideSolutionNode = FALSE
	EndGlobalSection
	GlobalSection(ExtensibilityGlobals) = postSolution
		SolutionGuid = {30509C8F-A0D3-4A39-B1B7-9D7EDC60AFF5}
	EndGlobalSection
EndGlobal
